{
  "version": 4,
  "terraform_version": "1.5.0",
  "serial": 6,
  "lineage": "1cd98b5e-004d-4c7a-4a39-150d71d1b30f",
  "outputs": {},
  "resources": [
    {
      "mode": "managed",
      "type": "local_file",
      "name": "prod",
      "provider": "provider[\"registry.terraform.io/hashicorp/local\"]",
      "instances": [
        {
          "index_key": 0,
          "schema_version": 0,
          "attributes": {
            "content": "inventario_CEF",
            "content_base64": null,
            "content_base64sha256": "fTEL+rFEA/HOV0aPBNknGWq7pgKcRUgw1x145/oUnKE=",
            "content_base64sha512": "crtBFxOx2qBCnjzrP02DfkvWuMy6ezyIVWpdsFgbx+OeDk22hnS/wtz6zB2f6WIJIXSW8Squq+a9o7YagV091Q==",
            "content_md5": "c552c8233feede8294c580945981ec76",
            "content_sha1": "a2f9693e14f8f0810ae8b821b46bf4c12808d8a4",
            "content_sha256": "7d310bfab14403f1ce57468f04d927196abba6029c454830d71d78e7fa149ca1",
            "content_sha512": "72bb411713b1daa0429e3ceb3f4d837e4bd6b8ccba7b3c88556a5db0581bc7e39e0e4db68674bfc2dcfacc1d9fe96209217496f12aaeabe6bda3b61a815d3dd5",
            "directory_permission": "0777",
            "file_permission": "0777",
            "filename": "inventory-FNWr.txt",
            "id": "a2f9693e14f8f0810ae8b821b46bf4c12808d8a4",
            "sensitive_content": null,
            "source": null
          },
          "sensitive_attributes": [],
          "dependencies": [
            "random_string.randomfiles"
          ]
        }
      ]
    },
    {
      "mode": "managed",
      "type": "random_string",
      "name": "randomfiles",
      "provider": "provider[\"registry.terraform.io/hashicorp/random\"]",
      "instances": [
        {
          "index_key": 0,
          "schema_version": 2,
          "attributes": {
            "id": "FNWr",
            "keepers": null,
            "length": 4,
            "lower": true,
            "min_lower": 0,
            "min_numeric": 0,
            "min_special": 0,
            "min_upper": 0,
            "number": true,
            "numeric": true,
            "override_special": "/-*",
            "result": "FNWr",
            "special": true,
            "upper": true
          },
          "sensitive_attributes": []
        }
      ]
    }
  ],
  "check_results": null
}
